
Microsoft Visual Studio Solution File, Format Version 12.00
# Visual Studio 2013
VisualStudioVersion = 12.0.30501.0
MinimumVisualStudioVersion = 10.0.40219.1
Project("{2150E333-8FDC-42A3-9474-1A3956D46DE8}") = "PublishScripts", "PublishScripts", "{86D65C91-12E2-457A-AE4E-D541F80F1487}"
	ProjectSection(SolutionItems) = preProject
		PublishScripts\AzureWebsitePublishModule.psm1 = PublishScripts\AzureWebsitePublishModule.psm1
		PublishScripts\Publish-WebApplicationWebsite.ps1 = PublishScripts\Publish-WebApplicationWebsite.ps1
	EndProjectSection
EndProject
Project("{2150E333-8FDC-42A3-9474-1A3956D46DE8}") = "Configurations", "Configurations", "{12AF2854-07CA-45C9-BD27-92139B2B2D17}"
	ProjectSection(SolutionItems) = preProject
		PublishScripts\Configurations\IteraRxDemo-WAWS-dev.json = PublishScripts\Configurations\IteraRxDemo-WAWS-dev.json
	EndProjectSection
EndProject
Project("{FAE04EC0-301F-11D3-BF4B-00C04F79EFBC}") = "Itera.RxDemo", "Itera.RxDemo\Itera.RxDemo.csproj", "{562039D7-D2B3-4841-BD30-859D6EF963EE}"
EndProject
Project("{FAE04EC0-301F-11D3-BF4B-00C04F79EFBC}") = "SignalR.Reactive", "..\SignalR.Reactive\SignalR.Reactive\SignalR.Reactive\SignalR.Reactive.csproj", "{2F4D1483-3A2E-4983-8EA4-75243C6759E4}"
EndProject
Project("{2150E333-8FDC-42A3-9474-1A3956D46DE8}") = ".nuget", ".nuget", "{49F4B4FD-E2D3-4486-B902-7BCE2DE70595}"
	ProjectSection(SolutionItems) = preProject
		.nuget\NuGet.Config = .nuget\NuGet.Config
		.nuget\NuGet.exe = .nuget\NuGet.exe
		.nuget\NuGet.targets = .nuget\NuGet.targets
	EndProjectSection
EndProject
Global
	GlobalSection(SolutionConfigurationPlatforms) = preSolution
		Debug|Any CPU = Debug|Any CPU
		Release|Any CPU = Release|Any CPU
	EndGlobalSection
	GlobalSection(ProjectConfigurationPlatforms) = postSolution
		{562039D7-D2B3-4841-BD30-859D6EF963EE}.Debug|Any CPU.ActiveCfg = Debug|Any CPU
		{562039D7-D2B3-4841-BD30-859D6EF963EE}.Debug|Any CPU.Build.0 = Debug|Any CPU
		{562039D7-D2B3-4841-BD30-859D6EF963EE}.Release|Any CPU.ActiveCfg = Release|Any CPU
		{562039D7-D2B3-4841-BD30-859D6EF963EE}.Release|Any CPU.Build.0 = Release|Any CPU
		{2F4D1483-3A2E-4983-8EA4-75243C6759E4}.Debug|Any CPU.ActiveCfg = Debug|Any CPU
		{2F4D1483-3A2E-4983-8EA4-75243C6759E4}.Debug|Any CPU.Build.0 = Debug|Any CPU
		{2F4D1483-3A2E-4983-8EA4-75243C6759E4}.Release|Any CPU.ActiveCfg = Release|Any CPU
		{2F4D1483-3A2E-4983-8EA4-75243C6759E4}.Release|Any CPU.Build.0 = Release|Any CPU
	EndGlobalSection
	GlobalSection(SolutionProperties) = preSolution
		HideSolutionNode = FALSE
	EndGlobalSection
	GlobalSection(NestedProjects) = preSolution
		{12AF2854-07CA-45C9-BD27-92139B2B2D17} = {86D65C91-12E2-457A-AE4E-D541F80F1487}
	EndGlobalSection
EndGlobal
